
Microsoft Visual Studio Solution File, Format Version 12.00
# Visual Studio Version 16
VisualStudioVersion = 16.0.30611.23
MinimumVisualStudioVersion = 10.0.40219.1
Project("{FAE04EC0-301F-11D3-BF4B-00C04F79EFBC}") = "PriateCardGame", "PriateCardGame.csproj", "{C5822300-FDB3-40B0-8F97-969FC78CF405}"
EndProject
Global
	GlobalSection(SolutionConfigurationPlatforms) = preSolution
		Debug|Any CPU = Debug|Any CPU
		Release|Any CPU = Release|Any CPU
	EndGlobalSection
	GlobalSection(ProjectConfigurationPlatforms) = postSolution
		{C5822300-FDB3-40B0-8F97-969FC78CF405}.Debug|Any CPU.ActiveCfg = Debug|Any CPU
		{C5822300-FDB3-40B0-8F97-969FC78CF405}.Debug|Any CPU.Build.0 = Debug|Any CPU
		{C5822300-FDB3-40B0-8F97-969FC78CF405}.Release|Any CPU.ActiveCfg = Release|Any CPU
		{C5822300-FDB3-40B0-8F97-969FC78CF405}.Release|Any CPU.Build.0 = Release|Any CPU
	EndGlobalSection
	GlobalSection(SolutionProperties) = preSolution
		HideSolutionNode = FALSE
	EndGlobalSection
	GlobalSection(ExtensibilityGlobals) = postSolution
		SolutionGuid = {F28A9C62-F9CD-400C-B673-2D26FB26E367}
	EndGlobalSection
EndGlobal
